
Microsoft Visual Studio Solution File, Format Version 12.00
# Visual Studio Version 17
VisualStudioVersion = 17.13.35818.85
MinimumVisualStudioVersion = 10.0.40219.1
Project("{FAE04EC0-301F-11D3-BF4B-00C04F79EFBC}") = "FinanceApp.CLI", "FinanceApp.CLI\FinanceApp.CLI.csproj", "{F0501F7A-A943-4432-90BD-0D840D160111}"
EndProject
Project("{FAE04EC0-301F-11D3-BF4B-00C04F79EFBC}") = "FinanceApp.Core", "FinanceApp.Core\FinanceApp.Core.csproj", "{830A82E5-5A71-4615-8820-81E9EB64A230}"
EndProject
Project("{FAE04EC0-301F-11D3-BF4B-00C04F79EFBC}") = "FinanceApp.Infrastructure", "FinanceApp.Infrastructure\FinanceApp.Infrastructure.csproj", "{CD476721-836C-4F6D-B2D2-00215D8A7580}"
EndProject
Project("{FAE04EC0-301F-11D3-BF4B-00C04F79EFBC}") = "FinanceApp.Api", "FinanceApp.Api\FinanceApp.Api.csproj", "{ACA62B76-7056-4E7A-A5D3-FEE91B821413}"
EndProject
Project("{FAE04EC0-301F-11D3-BF4B-00C04F79EFBC}") = "FinanceApp.Lib", "FinanceApp.Lib\FinanceApp.Lib.csproj", "{CF275DD2-E167-4010-83DF-7C0215DD7E52}"
EndProject
Project("{FAE04EC0-301F-11D3-BF4B-00C04F79EFBC}") = "FinanceApp.Client", "FinanceApp.Client\FinanceApp.Client.csproj", "{BA151A1C-8689-440B-8BF8-D98DA6A9E3F4}"
EndProject
Global
	GlobalSection(SolutionConfigurationPlatforms) = preSolution
		Debug|Any CPU = Debug|Any CPU
		Release|Any CPU = Release|Any CPU
	EndGlobalSection
	GlobalSection(ProjectConfigurationPlatforms) = postSolution
		{F0501F7A-A943-4432-90BD-0D840D160111}.Debug|Any CPU.ActiveCfg = Debug|Any CPU
		{F0501F7A-A943-4432-90BD-0D840D160111}.Debug|Any CPU.Build.0 = Debug|Any CPU
		{F0501F7A-A943-4432-90BD-0D840D160111}.Release|Any CPU.ActiveCfg = Release|Any CPU
		{F0501F7A-A943-4432-90BD-0D840D160111}.Release|Any CPU.Build.0 = Release|Any CPU
		{830A82E5-5A71-4615-8820-81E9EB64A230}.Debug|Any CPU.ActiveCfg = Debug|Any CPU
		{830A82E5-5A71-4615-8820-81E9EB64A230}.Debug|Any CPU.Build.0 = Debug|Any CPU
		{830A82E5-5A71-4615-8820-81E9EB64A230}.Release|Any CPU.ActiveCfg = Release|Any CPU
		{830A82E5-5A71-4615-8820-81E9EB64A230}.Release|Any CPU.Build.0 = Release|Any CPU
		{CD476721-836C-4F6D-B2D2-00215D8A7580}.Debug|Any CPU.ActiveCfg = Debug|Any CPU
		{CD476721-836C-4F6D-B2D2-00215D8A7580}.Debug|Any CPU.Build.0 = Debug|Any CPU
		{CD476721-836C-4F6D-B2D2-00215D8A7580}.Release|Any CPU.ActiveCfg = Release|Any CPU
		{CD476721-836C-4F6D-B2D2-00215D8A7580}.Release|Any CPU.Build.0 = Release|Any CPU
		{ACA62B76-7056-4E7A-A5D3-FEE91B821413}.Debug|Any CPU.ActiveCfg = Debug|Any CPU
		{ACA62B76-7056-4E7A-A5D3-FEE91B821413}.Debug|Any CPU.Build.0 = Debug|Any CPU
		{ACA62B76-7056-4E7A-A5D3-FEE91B821413}.Release|Any CPU.ActiveCfg = Release|Any CPU
		{ACA62B76-7056-4E7A-A5D3-FEE91B821413}.Release|Any CPU.Build.0 = Release|Any CPU
		{CF275DD2-E167-4010-83DF-7C0215DD7E52}.Debug|Any CPU.ActiveCfg = Debug|Any CPU
		{CF275DD2-E167-4010-83DF-7C0215DD7E52}.Debug|Any CPU.Build.0 = Debug|Any CPU
		{CF275DD2-E167-4010-83DF-7C0215DD7E52}.Release|Any CPU.ActiveCfg = Release|Any CPU
		{CF275DD2-E167-4010-83DF-7C0215DD7E52}.Release|Any CPU.Build.0 = Release|Any CPU
		{BA151A1C-8689-440B-8BF8-D98DA6A9E3F4}.Debug|Any CPU.ActiveCfg = Debug|Any CPU
		{BA151A1C-8689-440B-8BF8-D98DA6A9E3F4}.Debug|Any CPU.Build.0 = Debug|Any CPU
		{BA151A1C-8689-440B-8BF8-D98DA6A9E3F4}.Debug|Any CPU.Deploy.0 = Debug|Any CPU
		{BA151A1C-8689-440B-8BF8-D98DA6A9E3F4}.Release|Any CPU.ActiveCfg = Release|Any CPU
		{BA151A1C-8689-440B-8BF8-D98DA6A9E3F4}.Release|Any CPU.Build.0 = Release|Any CPU
		{BA151A1C-8689-440B-8BF8-D98DA6A9E3F4}.Release|Any CPU.Deploy.0 = Release|Any CPU
	EndGlobalSection
	GlobalSection(SolutionProperties) = preSolution
		HideSolutionNode = FALSE
	EndGlobalSection
	GlobalSection(ExtensibilityGlobals) = postSolution
		SolutionGuid = {C8C3602E-703E-4DA1-BD93-C16D7B0CBFF2}
	EndGlobalSection
EndGlobal
